
Microsoft Visual Studio Solution File, Format Version 12.00
# Visual Studio Version 17
VisualStudioVersion = 17.0.31912.275
MinimumVisualStudioVersion = 10.0.40219.1
Project("{FAE04EC0-301F-11D3-BF4B-00C04F79EFBC}") = "Parnas", "Parnas\Parnas.csproj", "{81729F69-E502-427B-A4D5-D94FFABF3470}"
EndProject
Project("{FAE04EC0-301F-11D3-BF4B-00C04F79EFBC}") = "Parnas.Domain", "Parnas.Domain\Parnas.Domain.csproj", "{ED61184C-D35C-469E-B01E-3F1E4378E61B}"
EndProject
Project("{FAE04EC0-301F-11D3-BF4B-00C04F79EFBC}") = "Parnas.Base", "Parnas.Base\Parnas.Base.csproj", "{2B8773B5-E89B-431F-80F5-6BA4542C2770}"
EndProject
Project("{FAE04EC0-301F-11D3-BF4B-00C04F79EFBC}") = "Parnas.Infrastructure", "Parnas.Infrastructure\Parnas.Infrastructure.csproj", "{8280C980-150A-49F3-8C72-81961288526D}"
EndProject
Project("{FAE04EC0-301F-11D3-BF4B-00C04F79EFBC}") = "Parnas.DomainService", "Parnas.DomainService\Parnas.DomainService.csproj", "{2EDC1C78-CD91-40EC-813D-4A89DB8FB63E}"
EndProject
Global
	GlobalSection(SolutionConfigurationPlatforms) = preSolution
		Debug|Any CPU = Debug|Any CPU
		Release|Any CPU = Release|Any CPU
	EndGlobalSection
	GlobalSection(ProjectConfigurationPlatforms) = postSolution
		{81729F69-E502-427B-A4D5-D94FFABF3470}.Debug|Any CPU.ActiveCfg = Debug|Any CPU
		{81729F69-E502-427B-A4D5-D94FFABF3470}.Debug|Any CPU.Build.0 = Debug|Any CPU
		{81729F69-E502-427B-A4D5-D94FFABF3470}.Release|Any CPU.ActiveCfg = Release|Any CPU
		{81729F69-E502-427B-A4D5-D94FFABF3470}.Release|Any CPU.Build.0 = Release|Any CPU
		{ED61184C-D35C-469E-B01E-3F1E4378E61B}.Debug|Any CPU.ActiveCfg = Debug|Any CPU
		{ED61184C-D35C-469E-B01E-3F1E4378E61B}.Debug|Any CPU.Build.0 = Debug|Any CPU
		{ED61184C-D35C-469E-B01E-3F1E4378E61B}.Release|Any CPU.ActiveCfg = Release|Any CPU
		{ED61184C-D35C-469E-B01E-3F1E4378E61B}.Release|Any CPU.Build.0 = Release|Any CPU
		{2B8773B5-E89B-431F-80F5-6BA4542C2770}.Debug|Any CPU.ActiveCfg = Debug|Any CPU
		{2B8773B5-E89B-431F-80F5-6BA4542C2770}.Debug|Any CPU.Build.0 = Debug|Any CPU
		{2B8773B5-E89B-431F-80F5-6BA4542C2770}.Release|Any CPU.ActiveCfg = Release|Any CPU
		{2B8773B5-E89B-431F-80F5-6BA4542C2770}.Release|Any CPU.Build.0 = Release|Any CPU
		{8280C980-150A-49F3-8C72-81961288526D}.Debug|Any CPU.ActiveCfg = Debug|Any CPU
		{8280C980-150A-49F3-8C72-81961288526D}.Debug|Any CPU.Build.0 = Debug|Any CPU
		{8280C980-150A-49F3-8C72-81961288526D}.Release|Any CPU.ActiveCfg = Release|Any CPU
		{8280C980-150A-49F3-8C72-81961288526D}.Release|Any CPU.Build.0 = Release|Any CPU
		{2EDC1C78-CD91-40EC-813D-4A89DB8FB63E}.Debug|Any CPU.ActiveCfg = Debug|Any CPU
		{2EDC1C78-CD91-40EC-813D-4A89DB8FB63E}.Debug|Any CPU.Build.0 = Debug|Any CPU
		{2EDC1C78-CD91-40EC-813D-4A89DB8FB63E}.Release|Any CPU.ActiveCfg = Release|Any CPU
		{2EDC1C78-CD91-40EC-813D-4A89DB8FB63E}.Release|Any CPU.Build.0 = Release|Any CPU
	EndGlobalSection
	GlobalSection(SolutionProperties) = preSolution
		HideSolutionNode = FALSE
	EndGlobalSection
	GlobalSection(ExtensibilityGlobals) = postSolution
		SolutionGuid = {5234C93E-B3CE-472B-8FAA-ACF6A6B06505}
	EndGlobalSection
EndGlobal
